# THIS IS AN AUTOGENERATED FILE. DO NOT EDIT THIS FILE DIRECTLY.
# yarn lockfile v1


"@types/jquery@^3.3.14":
  version "3.3.14"
  resolved "https://registry.yarnpkg.com/@types/jquery/-/jquery-3.3.14.tgz#7c78e18f8c4bf9a8eae1de62815493ab1d7cc04f"
  integrity sha512-M6m6Xm6RtsmYOlGk7YS0D7T19Axsc3x30+Mj9b7Fqb4c7c2hPmvBJsrMmuhwJy96iSx/3BQkOmbtEKijs2iQPg==
  dependencies:
    "@types/sizzle" "*"

"@types/sizzle@*":
  version "2.3.2"
  resolved "https://registry.yarnpkg.com/@types/sizzle/-/sizzle-2.3.2.tgz#a811b8c18e2babab7d542b3365887ae2e4d9de47"
  integrity sha512-7EJYyKTL7tFR8+gDbB6Wwz/arpGa0Mywk1TJbNzKzHtzbwVmY4HR9WqS5VV7dsBUKQmPNr192jHr/VpBluj/hg==

anvil.uglify@0.1.0:
  version "0.1.0"
  resolved "https://registry.yarnpkg.com/anvil.uglify/-/anvil.uglify-0.1.0.tgz#3be1fc24f515743f2fdc10e3e57d0f198464b4dd"
  integrity sha1-O+H8JPUVdD8v3BDj5X0PGYRktN0=
  dependencies:
    uglify-js "~1.3.3"

async@latest:
  version "2.6.1"
  resolved "https://registry.yarnpkg.com/async/-/async-2.6.1.tgz#b245a23ca71930044ec53fa46aa00a3e87c6a610"
  integrity sha512-fNEiL2+AZt6AlAw/29Cr0UDe4sRAHCpEHh54WMz+Bb7QfNcFw4h3loofyJpLeQs4Yx7yuqu/2dLgM5hKOs6HlQ==
  dependencies:
    lodash "^4.17.10"

bufferedstream@1.6.x:
  version "1.6.0"
  resolved "https://registry.yarnpkg.com/bufferedstream/-/bufferedstream-1.6.0.tgz#1b56be67132162d9f468bc886dd2c9160ddf2882"
  integrity sha1-G1a+ZxMhYtn0aLyIbdLJFg3fKII=

graceful-fs@~1.1:
  version "1.1.14"
  resolved "https://registry.yarnpkg.com/graceful-fs/-/graceful-fs-1.1.14.tgz#07078db5f6377f6321fceaaedf497de124dc9465"
  integrity sha1-BweNtfY3f2Mh/Oqu30l94STclGU=

lodash@^4.17.10:
  version "4.17.11"
  resolved "https://registry.yarnpkg.com/lodash/-/lodash-4.17.11.tgz#b39ea6229ef607ecd89e2c8df12536891cac9b8d"
  integrity sha512-cQKh8igo5QUhZ7lg38DYWAxMvjSAKG0A8wGSVimP07SIUEK2UO+arSRKbRZWtelMtN5V0Hkwh5ryOto/SshYIg==

markdown@~0.3.1:
  version "0.3.1"
  resolved "https://registry.yarnpkg.com/markdown/-/markdown-0.3.1.tgz#5d95c1a860d148535297832a157e4be59e9880d4"
  integrity sha1-XZXBqGDRSFNSl4MqFX5L5Z6YgNQ=

mime@1.2.3:
  version "1.2.3"
  resolved "https://registry.yarnpkg.com/mime/-/mime-1.2.3.tgz#7717bad7444f42d0c7d98cdc2a7b20068f837b68"
  integrity sha1-dxe610RPQtDH2YzcKnsgBo+De2g=

rimraf@2.0.1:
  version "2.0.1"
  resolved "https://registry.yarnpkg.com/rimraf/-/rimraf-2.0.1.tgz#6e58b6e7d3980bd620618d0703d502f872078fee"
  integrity sha1-bli259OYC9YgYY0HA9UC+HIHj+4=
  optionalDependencies:
    graceful-fs "~1.1"

strata@0.20.1:
  version "0.20.1"
  resolved "https://registry.yarnpkg.com/strata/-/strata-0.20.1.tgz#abc30e57f04e648086fe4c264a5fa55b2386577e"
  integrity sha1-q8MOV/BOZICG/kwmSl+lWyOGV34=
  dependencies:
    bufferedstream "1.6.x"
    markdown "~0.3.1"
    mime "1.2.3"
    strftime "0.4.6"

strftime@0.4.6:
  version "0.4.6"
  resolved "https://registry.yarnpkg.com/strftime/-/strftime-0.4.6.tgz#e6ff91843d4ed14f4dc3f263bcc5fc8bb5a027aa"
  integrity sha1-5v+RhD1O0U9Nw/JjvMX8i7WgJ6o=

uglify-js@~1.3.3:
  version "1.3.5"
  resolved "https://registry.yarnpkg.com/uglify-js/-/uglify-js-1.3.5.tgz#4b5bfff9186effbaa888e4c9e94bd9fc4c94929d"
  integrity sha1-S1v/+Rhu/7qoiOTJ6UvZ/EyUkp0=

underscore@latest:
  version "1.9.1"
  resolved "https://registry.yarnpkg.com/underscore/-/underscore-1.9.1.tgz#06dce34a0e68a7babc29b365b8e74b8925203961"
  integrity sha512-5/4etnCkd9c8gwgowi5/om/mYO5ajCaOgdzj/oW+0eQV9WxKBDZw5+ycmKmeaTXjInS/W0BzpGLo2xR2aBwZdg==
